
Microsoft Visual Studio Solution File, Format Version 12.00
# Visual Studio 15
VisualStudioVersion = 15.0.27130.2036
MinimumVisualStudioVersion = 10.0.40219.1
Project("{FAE04EC0-301F-11D3-BF4B-00C04F79EFBC}") = "MovieSearchClient", "WindowsFormsApp2\MovieSearchClient.csproj", "{881F5A3F-500E-4315-B566-268BC920FFDD}"
EndProject
Global
	GlobalSection(SolutionConfigurationPlatforms) = preSolution
		Debug|Any CPU = Debug|Any CPU
		Release|Any CPU = Release|Any CPU
	EndGlobalSection
	GlobalSection(ProjectConfigurationPlatforms) = postSolution
		{881F5A3F-500E-4315-B566-268BC920FFDD}.Debug|Any CPU.ActiveCfg = Debug|Any CPU
		{881F5A3F-500E-4315-B566-268BC920FFDD}.Debug|Any CPU.Build.0 = Debug|Any CPU
		{881F5A3F-500E-4315-B566-268BC920FFDD}.Release|Any CPU.ActiveCfg = Release|Any CPU
		{881F5A3F-500E-4315-B566-268BC920FFDD}.Release|Any CPU.Build.0 = Release|Any CPU
	EndGlobalSection
	GlobalSection(SolutionProperties) = preSolution
		HideSolutionNode = FALSE
	EndGlobalSection
	GlobalSection(ExtensibilityGlobals) = postSolution
		SolutionGuid = {671CE7D0-FCD7-421F-AA2D-F2C78251A436}
	EndGlobalSection
EndGlobal
